// !$*UTF8*$!
{
	archiveVersion = 1;
	classes = {
	};
	objectVersion = 51;
	objects = {

/* Begin PBXBuildFile section */
		1B91F04DFC3168AFF7CC83E5 /* Pods_VideoViews_iOS.framework in Frameworks */ = {isa = PBXBuildFile; fileRef = 52CB4568CBC30735F5BBD54F /* Pods_VideoViews_iOS.framework */; };
		A75E7BCE22E706A800F8E135 /* AppDelegate.swift in Sources */ = {isa = PBXBuildFile; fileRef = A75E7BCD22E706A800F8E135 /* AppDelegate.swift */; };
		A75E7BD022E706A800F8E135 /* ViewController.swift in Sources */ = {isa = PBXBuildFile; fileRef = A75E7BCF22E706A800F8E135 /* ViewController.swift */; };
		A75E7BD322E706A800F8E135 /* Main.storyboard in Resources */ = {isa = PBXBuildFile; fileRef = A75E7BD122E706A800F8E135 /* Main.storyboard */; };
		A75E7BD522E706A900F8E135 /* Assets.xcassets in Resources */ = {isa = PBXBuildFile; fileRef = A75E7BD422E706A900F8E135 /* Assets.xcassets */; };
		A75E7BD822E706A900F8E135 /* LaunchScreen.storyboard in Resources */ = {isa = PBXBuildFile; fileRef = A75E7BD622E706A900F8E135 /* LaunchScreen.storyboard */; };
		A76C2720238CDD1B0047E150 /* AppDelegate.swift in Sources */ = {isa = PBXBuildFile; fileRef = A76C271F238CDD1B0047E150 /* AppDelegate.swift */; };
		A76C2724238CDD1C0047E150 /* Assets.xcassets in Resources */ = {isa = PBXBuildFile; fileRef = A76C2723238CDD1C0047E150 /* Assets.xcassets */; };
		A76C2727238CDD1C0047E150 /* Main.storyboard in Resources */ = {isa = PBXBuildFile; fileRef = A76C2725238CDD1C0047E150 /* Main.storyboard */; };
		A76C272D238CDD8B0047E150 /* ViewController.swift in Sources */ = {isa = PBXBuildFile; fileRef = A75E7BCF22E706A800F8E135 /* ViewController.swift */; };
		FA3780A500B8205E25099862 /* Pods_VideoViews_Mac.framework in Frameworks */ = {isa = PBXBuildFile; fileRef = 4E6FA16673CA217C9FD3F155 /* Pods_VideoViews_Mac.framework */; };
/* End PBXBuildFile section */

/* Begin PBXFileReference section */
		337F7C81BBC6A5167180E41A /* Pods-VideoViews_iOS.release.xcconfig */ = {isa = PBXFileReference; includeInIndex = 1; lastKnownFileType = text.xcconfig; name = "Pods-VideoViews_iOS.release.xcconfig"; path = "Target Support Files/Pods-VideoViews_iOS/Pods-VideoViews_iOS.release.xcconfig"; sourceTree = "<group>"; };
		4E6FA16673CA217C9FD3F155 /* Pods_VideoViews_Mac.framework */ = {isa = PBXFileReference; explicitFileType = wrapper.framework; includeInIndex = 0; path = Pods_VideoViews_Mac.framework; sourceTree = BUILT_PRODUCTS_DIR; };
		52CB4568CBC30735F5BBD54F /* Pods_VideoViews_iOS.framework */ = {isa = PBXFileReference; explicitFileType = wrapper.framework; includeInIndex = 0; path = Pods_VideoViews_iOS.framework; sourceTree = BUILT_PRODUCTS_DIR; };
		A2FAEBD53B2375902B5383CE /* Pods-VideoViews_Mac.release.xcconfig */ = {isa = PBXFileReference; includeInIndex = 1; lastKnownFileType = text.xcconfig; name = "Pods-VideoViews_Mac.release.xcconfig"; path = "Target Support Files/Pods-VideoViews_Mac/Pods-VideoViews_Mac.release.xcconfig"; sourceTree = "<group>"; };
		A734596F9C1E766B4EFA6344 /* Pods-VideoViews_Mac.debug.xcconfig */ = {isa = PBXFileReference; includeInIndex = 1; lastKnownFileType = text.xcconfig; name = "Pods-VideoViews_Mac.debug.xcconfig"; path = "Target Support Files/Pods-VideoViews_Mac/Pods-VideoViews_Mac.debug.xcconfig"; sourceTree = "<group>"; };
		A75E7BCA22E706A800F8E135 /* VideoViews_iOS.app */ = {isa = PBXFileReference; explicitFileType = wrapper.application; includeInIndex = 0; path = VideoViews_iOS.app; sourceTree = BUILT_PRODUCTS_DIR; };
		A75E7BCD22E706A800F8E135 /* AppDelegate.swift */ = {isa = PBXFileReference; lastKnownFileType = sourcecode.swift; path = AppDelegate.swift; sourceTree = "<group>"; };
		A75E7BCF22E706A800F8E135 /* ViewController.swift */ = {isa = PBXFileReference; lastKnownFileType = sourcecode.swift; path = ViewController.swift; sourceTree = "<group>"; };
		A75E7BD222E706A800F8E135 /* Base */ = {isa = PBXFileReference; lastKnownFileType = file.storyboard; name = Base; path = Base.lproj/Main.storyboard; sourceTree = "<group>"; };
		A75E7BD422E706A900F8E135 /* Assets.xcassets */ = {isa = PBXFileReference; lastKnownFileType = folder.assetcatalog; path = Assets.xcassets; sourceTree = "<group>"; };
		A75E7BD722E706A900F8E135 /* Base */ = {isa = PBXFileReference; lastKnownFileType = file.storyboard; name = Base; path = Base.lproj/LaunchScreen.storyboard; sourceTree = "<group>"; };
		A75E7BD922E706A900F8E135 /* Info.plist */ = {isa = PBXFileReference; lastKnownFileType = text.plist.xml; path = Info.plist; sourceTree = "<group>"; };
		A76C271D238CDD1B0047E150 /* VideoViews_Mac.app */ = {isa = PBXFileReference; explicitFileType = wrapper.application; includeInIndex = 0; path = VideoViews_Mac.app; sourceTree = BUILT_PRODUCTS_DIR; };
		A76C271F238CDD1B0047E150 /* AppDelegate.swift */ = {isa = PBXFileReference; lastKnownFileType = sourcecode.swift; path = AppDelegate.swift; sourceTree = "<group>"; };
		A76C2723238CDD1C0047E150 /* Assets.xcassets */ = {isa = PBXFileReference; lastKnownFileType = folder.assetcatalog; path = Assets.xcassets; sourceTree = "<group>"; };
		A76C2726238CDD1C0047E150 /* Base */ = {isa = PBXFileReference; lastKnownFileType = file.storyboard; name = Base; path = Base.lproj/Main.storyboard; sourceTree = "<group>"; };
		A76C2728238CDD1C0047E150 /* Info.plist */ = {isa = PBXFileReference; lastKnownFileType = text.plist.xml; path = Info.plist; sourceTree = "<group>"; };
		A76C2729238CDD1C0047E150 /* VideoViews_Mac.entitlements */ = {isa = PBXFileReference; lastKnownFileType = text.plist.entitlements; path = VideoViews_Mac.entitlements; sourceTree = "<group>"; };
		DB927360932AF540B5011B9E /* Pods-VideoViews_iOS.debug.xcconfig */ = {isa = PBXFileReference; includeInIndex = 1; lastKnownFileType = text.xcconfig; name = "Pods-VideoViews_iOS.debug.xcconfig"; path = "Target Support Files/Pods-VideoViews_iOS/Pods-VideoViews_iOS.debug.xcconfig"; sourceTree = "<group>"; };
/* End PBXFileReference section */

/* Begin PBXFrameworksBuildPhase section */
		A75E7BC722E706A800F8E135 /* Frameworks */ = {
			isa = PBXFrameworksBuildPhase;
			buildActionMask = 2147483647;
			files = (
				1B91F04DFC3168AFF7CC83E5 /* Pods_VideoViews_iOS.framework in Frameworks */,
			);
			runOnlyForDeploymentPostprocessing = 0;
		};
		A76C271A238CDD1B0047E150 /* Frameworks */ = {
			isa = PBXFrameworksBuildPhase;
			buildActionMask = 2147483647;
			files = (
				FA3780A500B8205E25099862 /* Pods_VideoViews_Mac.framework in Frameworks */,
			);
			runOnlyForDeploymentPostprocessing = 0;
		};
/* End PBXFrameworksBuildPhase section */

/* Begin PBXGroup section */
		A75E7BC122E706A800F8E135 = {
			isa = PBXGroup;
			children = (
				A75E7BCC22E706A800F8E135 /* VideoViews_iOS */,
				A76C271E238CDD1B0047E150 /* VideoViews_Mac */,
				A75E7BCB22E706A800F8E135 /* Products */,
				BD628FB90E11AA4CADB0F3FC /* Pods */,
				AEFD4C5ADECE65A5EA626576 /* Frameworks */,
			);
			sourceTree = "<group>";
		};
		A75E7BCB22E706A800F8E135 /* Products */ = {
			isa = PBXGroup;
			children = (
				A75E7BCA22E706A800F8E135 /* VideoViews_iOS.app */,
				A76C271D238CDD1B0047E150 /* VideoViews_Mac.app */,
			);
			name = Products;
			sourceTree = "<group>";
		};
		A75E7BCC22E706A800F8E135 /* VideoViews_iOS */ = {
			isa = PBXGroup;
			children = (
				A75E7BCD22E706A800F8E135 /* AppDelegate.swift */,
				A75E7BCF22E706A800F8E135 /* ViewController.swift */,
				A75E7BD122E706A800F8E135 /* Main.storyboard */,
				A75E7BD422E706A900F8E135 /* Assets.xcassets */,
				A75E7BD622E706A900F8E135 /* LaunchScreen.storyboard */,
				A75E7BD922E706A900F8E135 /* Info.plist */,
			);
			path = VideoViews_iOS;
			sourceTree = "<group>";
		};
		A76C271E238CDD1B0047E150 /* VideoViews_Mac */ = {
			isa = PBXGroup;
			children = (
				A76C271F238CDD1B0047E150 /* AppDelegate.swift */,
				A76C2723238CDD1C0047E150 /* Assets.xcassets */,
				A76C2725238CDD1C0047E150 /* Main.storyboard */,
				A76C2728238CDD1C0047E150 /* Info.plist */,
				A76C2729238CDD1C0047E150 /* VideoViews_Mac.entitlements */,
			);
			path = VideoViews_Mac;
			sourceTree = "<group>";
		};
		AEFD4C5ADECE65A5EA626576 /* Frameworks */ = {
			isa = PBXGroup;
			children = (
				4E6FA16673CA217C9FD3F155 /* Pods_VideoViews_Mac.framework */,
				52CB4568CBC30735F5BBD54F /* Pods_VideoViews_iOS.framework */,
			);
			name = Frameworks;
			sourceTree = "<group>";
		};
		BD628FB90E11AA4CADB0F3FC /* Pods */ = {
			isa = PBXGroup;
			children = (
				A734596F9C1E766B4EFA6344 /* Pods-VideoViews_Mac.debug.xcconfig */,
				A2FAEBD53B2375902B5383CE /* Pods-VideoViews_Mac.release.xcconfig */,
				DB927360932AF540B5011B9E /* Pods-VideoViews_iOS.debug.xcconfig */,
				337F7C81BBC6A5167180E41A /* Pods-VideoViews_iOS.release.xcconfig */,
			);
			path = Pods;
			sourceTree = "<group>";
		};
/* End PBXGroup section */

/* Begin PBXNativeTarget section */
		A75E7BC922E706A800F8E135 /* VideoViews_iOS */ = {
			isa = PBXNativeTarget;
			buildConfigurationList = A75E7BDC22E706A900F8E135 /* Build configuration list for PBXNativeTarget "VideoViews_iOS" */;
			buildPhases = (
				BCD11F064B965F57C93221BB /* [CP] Check Pods Manifest.lock */,
				A75E7BC622E706A800F8E135 /* Sources */,
				A75E7BC722E706A800F8E135 /* Frameworks */,
				A75E7BC822E706A800F8E135 /* Resources */,
				7321AD697247AAF97B5E8ACA /* [CP] Embed Pods Frameworks */,
			);
			buildRules = (
			);
			dependencies = (
			);
			name = VideoViews_iOS;
			productName = QWE;
			productReference = A75E7BCA22E706A800F8E135 /* VideoViews_iOS.app */;
			productType = "com.apple.product-type.application";
		};
		A76C271C238CDD1B0047E150 /* VideoViews_Mac */ = {
			isa = PBXNativeTarget;
			buildConfigurationList = A76C272C238CDD1C0047E150 /* Build configuration list for PBXNativeTarget "VideoViews_Mac" */;
			buildPhases = (
				201796405A226E458B2E1935 /* [CP] Check Pods Manifest.lock */,
				A76C2719238CDD1B0047E150 /* Sources */,
				A76C271A238CDD1B0047E150 /* Frameworks */,
				A76C271B238CDD1B0047E150 /* Resources */,
				5C6843E4769A9549ACDC2DB7 /* [CP] Embed Pods Frameworks */,
			);
			buildRules = (
			);
			dependencies = (
			);
			name = VideoViews_Mac;
			productName = VideoViews_Mac;
			productReference = A76C271D238CDD1B0047E150 /* VideoViews_Mac.app */;
			productType = "com.apple.product-type.application";
		};
/* End PBXNativeTarget section */

/* Begin PBXProject section */
		A75E7BC222E706A800F8E135 /* Project object */ = {
			isa = PBXProject;
			attributes = {
				LastSwiftUpdateCheck = 1120;
				LastUpgradeCheck = 1020;
				ORGANIZATIONNAME = CavanSu;
				TargetAttributes = {
					A75E7BC922E706A800F8E135 = {
						CreatedOnToolsVersion = 10.2.1;
					};
					A76C271C238CDD1B0047E150 = {
						CreatedOnToolsVersion = 11.2.1;
					};
				};
			};
			buildConfigurationList = A75E7BC522E706A800F8E135 /* Build configuration list for PBXProject "VideoViews" */;
			compatibilityVersion = "Xcode 9.3";
			developmentRegion = en;
			hasScannedForEncodings = 0;
			knownRegions = (
				en,
				Base,
			);
			mainGroup = A75E7BC122E706A800F8E135;
			productRefGroup = A75E7BCB22E706A800F8E135 /* Products */;
			projectDirPath = "";
			projectRoot = "";
			targets = (
				A75E7BC922E706A800F8E135 /* VideoViews_iOS */,
				A76C271C238CDD1B0047E150 /* VideoViews_Mac */,
			);
		};
/* End PBXProject section */

/* Begin PBXResourcesBuildPhase section */
		A75E7BC822E706A800F8E135 /* Resources */ = {
			isa = PBXResourcesBuildPhase;
			buildActionMask = 2147483647;
			files = (
				A75E7BD822E706A900F8E135 /* LaunchScreen.storyboard in Resources */,
				A75E7BD522E706A900F8E135 /* Assets.xcassets in Resources */,
				A75E7BD322E706A800F8E135 /* Main.storyboard in Resources */,
			);
			runOnlyForDeploymentPostprocessing = 0;
		};
		A76C271B238CDD1B0047E150 /* Resources */ = {
			isa = PBXResourcesBuildPhase;
			buildActionMask = 2147483647;
			files = (
				A76C2724238CDD1C0047E150 /* Assets.xcassets in Resources */,
				A76C2727238CDD1C0047E150 /* Main.storyboard in Resources */,
			);
			runOnlyForDeploymentPostprocessing = 0;
		};
/* End PBXResourcesBuildPhase section */

/* Begin PBXShellScriptBuildPhase section */
		201796405A226E458B2E1935 /* [CP] Check Pods Manifest.lock */ = {
			isa = PBXShellScriptBuildPhase;
			buildActionMask = 2147483647;
			files = (
			);
			inputFileListPaths = (
			);
			inputPaths = (
				"${PODS_PODFILE_DIR_PATH}/Podfile.lock",
				"${PODS_ROOT}/Manifest.lock",
			);
			name = "[CP] Check Pods Manifest.lock";
			outputFileListPaths = (
			);
			outputPaths = (
				"$(DERIVED_FILE_DIR)/Pods-VideoViews_Mac-checkManifestLockResult.txt",
			);
			runOnlyForDeploymentPostprocessing = 0;
			shellPath = /bin/sh;
			shellScript = "diff \"${PODS_PODFILE_DIR_PATH}/Podfile.lock\" \"${PODS_ROOT}/Manifest.lock\" > /dev/null\nif [ $? != 0 ] ; then\n    # print error to STDERR\n    echo \"error: The sandbox is not in sync with the Podfile.lock. Run 'pod install' or update your CocoaPods installation.\" >&2\n    exit 1\nfi\n# This output is used by Xcode 'outputs' to avoid re-running this script phase.\necho \"SUCCESS\" > \"${SCRIPT_OUTPUT_FILE_0}\"\n";
			showEnvVarsInLog = 0;
		};
		5C6843E4769A9549ACDC2DB7 /* [CP] Embed Pods Frameworks */ = {
			isa = PBXShellScriptBuildPhase;
			buildActionMask = 2147483647;
			files = (
			);
			inputFileListPaths = (
				"${PODS_ROOT}/Target Support Files/Pods-VideoViews_Mac/Pods-VideoViews_Mac-frameworks-${CONFIGURATION}-input-files.xcfilelist",
			);
			name = "[CP] Embed Pods Frameworks";
			outputFileListPaths = (
				"${PODS_ROOT}/Target Support Files/Pods-VideoViews_Mac/Pods-VideoViews_Mac-frameworks-${CONFIGURATION}-output-files.xcfilelist",
			);
			runOnlyForDeploymentPostprocessing = 0;
			shellPath = /bin/sh;
			shellScript = "\"${PODS_ROOT}/Target Support Files/Pods-VideoViews_Mac/Pods-VideoViews_Mac-frameworks.sh\"\n";
			showEnvVarsInLog = 0;
		};
		7321AD697247AAF97B5E8ACA /* [CP] Embed Pods Frameworks */ = {
			isa = PBXShellScriptBuildPhase;
			buildActionMask = 2147483647;
			files = (
			);
			inputFileListPaths = (
				"${PODS_ROOT}/Target Support Files/Pods-VideoViews_iOS/Pods-VideoViews_iOS-frameworks-${CONFIGURATION}-input-files.xcfilelist",
			);
			name = "[CP] Embed Pods Frameworks";
			outputFileListPaths = (
				"${PODS_ROOT}/Target Support Files/Pods-VideoViews_iOS/Pods-VideoViews_iOS-frameworks-${CONFIGURATION}-output-files.xcfilelist",
			);
			runOnlyForDeploymentPostprocessing = 0;
			shellPath = /bin/sh;
			shellScript = "\"${PODS_ROOT}/Target Support Files/Pods-VideoViews_iOS/Pods-VideoViews_iOS-frameworks.sh\"\n";
			showEnvVarsInLog = 0;
		};
		BCD11F064B965F57C93221BB /* [CP] Check Pods Manifest.lock */ = {
			isa = PBXShellScriptBuildPhase;
			buildActionMask = 2147483647;
			files = (
			);
			inputFileListPaths = (
			);
			inputPaths = (
				"${PODS_PODFILE_DIR_PATH}/Podfile.lock",
				"${PODS_ROOT}/Manifest.lock",
			);
			name = "[CP] Check Pods Manifest.lock";
			outputFileListPaths = (
			);
			outputPaths = (
				"$(DERIVED_FILE_DIR)/Pods-VideoViews_iOS-checkManifestLockResult.txt",
			);
			runOnlyForDeploymentPostprocessing = 0;
			shellPath = /bin/sh;
			shellScript = "diff \"${PODS_PODFILE_DIR_PATH}/Podfile.lock\" \"${PODS_ROOT}/Manifest.lock\" > /dev/null\nif [ $? != 0 ] ; then\n    # print error to STDERR\n    echo \"error: The sandbox is not in sync with the Podfile.lock. Run 'pod install' or update your CocoaPods installation.\" >&2\n    exit 1\nfi\n# This output is used by Xcode 'outputs' to avoid re-running this script phase.\necho \"SUCCESS\" > \"${SCRIPT_OUTPUT_FILE_0}\"\n";
			showEnvVarsInLog = 0;
		};
/* End PBXShellScriptBuildPhase section */

/* Begin PBXSourcesBuildPhase section */
		A75E7BC622E706A800F8E135 /* Sources */ = {
			isa = PBXSourcesBuildPhase;
			buildActionMask = 2147483647;
			files = (
				A75E7BD022E706A800F8E135 /* ViewController.swift in Sources */,
				A75E7BCE22E706A800F8E135 /* AppDelegate.swift in Sources */,
			);
			runOnlyForDeploymentPostprocessing = 0;
		};
		A76C2719238CDD1B0047E150 /* Sources */ = {
			isa = PBXSourcesBuildPhase;
			buildActionMask = 2147483647;
			files = (
				A76C272D238CDD8B0047E150 /* ViewController.swift in Sources */,
				A76C2720238CDD1B0047E150 /* AppDelegate.swift in Sources */,
			);
			runOnlyForDeploymentPostprocessing = 0;
		};
/* End PBXSourcesBuildPhase section */

/* Begin PBXVariantGroup section */
		A75E7BD122E706A800F8E135 /* Main.storyboard */ = {
			isa = PBXVariantGroup;
			children = (
				A75E7BD222E706A800F8E135 /* Base */,
			);
			name = Main.storyboard;
			sourceTree = "<group>";
		};
		A75E7BD622E706A900F8E135 /* LaunchScreen.storyboard */ = {
			isa = PBXVariantGroup;
			children = (
				A75E7BD722E706A900F8E135 /* Base */,
			);
			name = LaunchScreen.storyboard;
			sourceTree = "<group>";
		};
		A76C2725238CDD1C0047E150 /* Main.storyboard */ = {
			isa = PBXVariantGroup;
			children = (
				A76C2726238CDD1C0047E150 /* Base */,
			);
			name = Main.storyboard;
			sourceTree = "<group>";
		};
/* End PBXVariantGroup section */

/* Begin XCBuildConfiguration section */
		A75E7BDA22E706A900F8E135 /* Debug */ = {
			isa = XCBuildConfiguration;
			buildSettings = {
				ALWAYS_SEARCH_USER_PATHS = NO;
				CLANG_ANALYZER_NONNULL = YES;
				CLANG_ANALYZER_NUMBER_OBJECT_CONVERSION = YES_AGGRESSIVE;
				CLANG_CXX_LANGUAGE_STANDARD = "gnu++14";
				CLANG_CXX_LIBRARY = "libc++";
				CLANG_ENABLE_MODULES = YES;
				CLANG_ENABLE_OBJC_ARC = YES;
				CLANG_ENABLE_OBJC_WEAK = YES;
				CLANG_WARN_BLOCK_CAPTURE_AUTORELEASING = YES;
				CLANG_WARN_BOOL_CONVERSION = YES;
				CLANG_WARN_COMMA = YES;
				CLANG_WARN_CONSTANT_CONVERSION = YES;
				CLANG_WARN_DEPRECATED_OBJC_IMPLEMENTATIONS = YES;
				CLANG_WARN_DIRECT_OBJC_ISA_USAGE = YES_ERROR;
				CLANG_WARN_DOCUMENTATION_COMMENTS = YES;
				CLANG_WARN_EMPTY_BODY = YES;
				CLANG_WARN_ENUM_CONVERSION = YES;
				CLANG_WARN_INFINITE_RECURSION = YES;
				CLANG_WARN_INT_CONVERSION = YES;
				CLANG_WARN_NON_LITERAL_NULL_CONVERSION = YES;
				CLANG_WARN_OBJC_IMPLICIT_RETAIN_SELF = YES;
				CLANG_WARN_OBJC_LITERAL_CONVERSION = YES;
				CLANG_WARN_OBJC_ROOT_CLASS = YES_ERROR;
				CLANG_WARN_RANGE_LOOP_ANALYSIS = YES;
				CLANG_WARN_STRICT_PROTOTYPES = YES;
				CLANG_WARN_SUSPICIOUS_MOVE = YES;
				CLANG_WARN_UNGUARDED_AVAILABILITY = YES_AGGRESSIVE;
				CLANG_WARN_UNREACHABLE_CODE = YES;
				CLANG_WARN__DUPLICATE_METHOD_MATCH = YES;
				CODE_SIGN_IDENTITY = "iPhone Developer";
				COPY_PHASE_STRIP = NO;
				DEBUG_INFORMATION_FORMAT = dwarf;
				ENABLE_STRICT_OBJC_MSGSEND = YES;
				ENABLE_TESTABILITY = YES;
				GCC_C_LANGUAGE_STANDARD = gnu11;
				GCC_DYNAMIC_NO_PIC = NO;
				GCC_NO_COMMON_BLOCKS = YES;
				GCC_OPTIMIZATION_LEVEL = 0;
				GCC_PREPROCESSOR_DEFINITIONS = (
					"DEBUG=1",
					"$(inherited)",
				);
				GCC_WARN_64_TO_32_BIT_CONVERSION = YES;
				GCC_WARN_ABOUT_RETURN_TYPE = YES_ERROR;
				GCC_WARN_UNDECLARED_SELECTOR = YES;
				GCC_WARN_UNINITIALIZED_AUTOS = YES_AGGRESSIVE;
				GCC_WARN_UNUSED_FUNCTION = YES;
				GCC_WARN_UNUSED_VARIABLE = YES;
				IPHONEOS_DEPLOYMENT_TARGET = 12.2;
				MTL_ENABLE_DEBUG_INFO = INCLUDE_SOURCE;
				MTL_FAST_MATH = YES;
				ONLY_ACTIVE_ARCH = YES;
				SDKROOT = iphoneos;
				SWIFT_ACTIVE_COMPILATION_CONDITIONS = DEBUG;
				SWIFT_OPTIMIZATION_LEVEL = "-Onone";
			};
			name = Debug;
		};
		A75E7BDB22E706A900F8E135 /* Release */ = {
			isa = XCBuildConfiguration;
			buildSettings = {
				ALWAYS_SEARCH_USER_PATHS = NO;
				CLANG_ANALYZER_NONNULL = YES;
				CLANG_ANALYZER_NUMBER_OBJECT_CONVERSION = YES_AGGRESSIVE;
				CLANG_CXX_LANGUAGE_STANDARD = "gnu++14";
				CLANG_CXX_LIBRARY = "libc++";
				CLANG_ENABLE_MODULES = YES;
				CLANG_ENABLE_OBJC_ARC = YES;
				CLANG_ENABLE_OBJC_WEAK = YES;
				CLANG_WARN_BLOCK_CAPTURE_AUTORELEASING = YES;
				CLANG_WARN_BOOL_CONVERSION = YES;
				CLANG_WARN_COMMA = YES;
				CLANG_WARN_CONSTANT_CONVERSION = YES;
				CLANG_WARN_DEPRECATED_OBJC_IMPLEMENTATIONS = YES;
				CLANG_WARN_DIRECT_OBJC_ISA_USAGE = YES_ERROR;
				CLANG_WARN_DOCUMENTATION_COMMENTS = YES;
				CLANG_WARN_EMPTY_BODY = YES;
				CLANG_WARN_ENUM_CONVERSION = YES;
				CLANG_WARN_INFINITE_RECURSION = YES;
				CLANG_WARN_INT_CONVERSION = YES;
				CLANG_WARN_NON_LITERAL_NULL_CONVERSION = YES;
				CLANG_WARN_OBJC_IMPLICIT_RETAIN_SELF = YES;
				CLANG_WARN_OBJC_LITERAL_CONVERSION = YES;
				CLANG_WARN_OBJC_ROOT_CLASS = YES_ERROR;
				CLANG_WARN_RANGE_LOOP_ANALYSIS = YES;
				CLANG_WARN_STRICT_PROTOTYPES = YES;
				CLANG_WARN_SUSPICIOUS_MOVE = YES;
				CLANG_WARN_UNGUARDED_AVAILABILITY = YES_AGGRESSIVE;
				CLANG_WARN_UNREACHABLE_CODE = YES;
				CLANG_WARN__DUPLICATE_METHOD_MATCH = YES;
				CODE_SIGN_IDENTITY = "iPhone Developer";
				COPY_PHASE_STRIP = NO;
				DEBUG_INFORMATION_FORMAT = "dwarf-with-dsym";
				ENABLE_NS_ASSERTIONS = NO;
				ENABLE_STRICT_OBJC_MSGSEND = YES;
				GCC_C_LANGUAGE_STANDARD = gnu11;
				GCC_NO_COMMON_BLOCKS = YES;
				GCC_WARN_64_TO_32_BIT_CONVERSION = YES;
				GCC_WARN_ABOUT_RETURN_TYPE = YES_ERROR;
				GCC_WARN_UNDECLARED_SELECTOR = YES;
				GCC_WARN_UNINITIALIZED_AUTOS = YES_AGGRESSIVE;
				GCC_WARN_UNUSED_FUNCTION = YES;
				GCC_WARN_UNUSED_VARIABLE = YES;
				IPHONEOS_DEPLOYMENT_TARGET = 12.2;
				MTL_ENABLE_DEBUG_INFO = NO;
				MTL_FAST_MATH = YES;
				SDKROOT = iphoneos;
				SWIFT_COMPILATION_MODE = wholemodule;
				SWIFT_OPTIMIZATION_LEVEL = "-O";
				VALIDATE_PRODUCT = YES;
			};
			name = Release;
		};
		A75E7BDD22E706A900F8E135 /* Debug */ = {
			isa = XCBuildConfiguration;
			baseConfigurationReference = DB927360932AF540B5011B9E /* Pods-VideoViews_iOS.debug.xcconfig */;
			buildSettings = {
				ASSETCATALOG_COMPILER_APPICON_NAME = AppIcon;
				CODE_SIGN_STYLE = Automatic;
				INFOPLIST_FILE = VideoViews_iOS/Info.plist;
				IPHONEOS_DEPLOYMENT_TARGET = 9.0;
				LD_RUNPATH_SEARCH_PATHS = (
					"$(inherited)",
					"@executable_path/Frameworks",
				);
				PRODUCT_BUNDLE_IDENTIFIER = CavanSu.VideoViews;
				PRODUCT_NAME = "$(TARGET_NAME)";
				SWIFT_VERSION = 5.0;
				TARGETED_DEVICE_FAMILY = "1,2";
			};
			name = Debug;
		};
		A75E7BDE22E706A900F8E135 /* Release */ = {
			isa = XCBuildConfiguration;
			baseConfigurationReference = 337F7C81BBC6A5167180E41A /* Pods-VideoViews_iOS.release.xcconfig */;
			buildSettings = {
				ASSETCATALOG_COMPILER_APPICON_NAME = AppIcon;
				CODE_SIGN_STYLE = Automatic;
				INFOPLIST_FILE = VideoViews_iOS/Info.plist;
				IPHONEOS_DEPLOYMENT_TARGET = 9.0;
				LD_RUNPATH_SEARCH_PATHS = (
					"$(inherited)",
					"@executable_path/Frameworks",
				);
				PRODUCT_BUNDLE_IDENTIFIER = CavanSu.VideoViews;
				PRODUCT_NAME = "$(TARGET_NAME)";
				SWIFT_VERSION = 5.0;
				TARGETED_DEVICE_FAMILY = "1,2";
			};
			name = Release;
		};
		A76C272A238CDD1C0047E150 /* Debug */ = {
			isa = XCBuildConfiguration;
			baseConfigurationReference = A734596F9C1E766B4EFA6344 /* Pods-VideoViews_Mac.debug.xcconfig */;
			buildSettings = {
				ASSETCATALOG_COMPILER_APPICON_NAME = AppIcon;
				CODE_SIGN_ENTITLEMENTS = VideoViews_Mac/VideoViews_Mac.entitlements;
				CODE_SIGN_IDENTITY = "-";
				CODE_SIGN_STYLE = Manual;
				COMBINE_HIDPI_IMAGES = YES;
				DEVELOPMENT_TEAM = "";
				ENABLE_HARDENED_RUNTIME = NO;
				INFOPLIST_FILE = VideoViews_Mac/Info.plist;
				LD_RUNPATH_SEARCH_PATHS = (
					"$(inherited)",
					"@executable_path/../Frameworks",
				);
				MACOSX_DEPLOYMENT_TARGET = 10.10;
				PRODUCT_BUNDLE_IDENTIFIER = "CavanSu.VideoViews-Mac";
				PRODUCT_NAME = "$(TARGET_NAME)";
				PROVISIONING_PROFILE_SPECIFIER = "";
				SDKROOT = macosx;
				SWIFT_VERSION = 5.0;
			};
			name = Debug;
		};
		A76C272B238CDD1C0047E150 /* Release */ = {
			isa = XCBuildConfiguration;
			baseConfigurationReference = A2FAEBD53B2375902B5383CE /* Pods-VideoViews_Mac.release.xcconfig */;
			buildSettings = {
				ASSETCATALOG_COMPILER_APPICON_NAME = AppIcon;
				CODE_SIGN_ENTITLEMENTS = VideoViews_Mac/VideoViews_Mac.entitlements;
				CODE_SIGN_IDENTITY = "-";
				CODE_SIGN_STYLE = Manual;
				COMBINE_HIDPI_IMAGES = YES;
				DEVELOPMENT_TEAM = "";
				ENABLE_HARDENED_RUNTIME = NO;
				INFOPLIST_FILE = VideoViews_Mac/Info.plist;
				LD_RUNPATH_SEARCH_PATHS = (
					"$(inherited)",
					"@executable_path/../Frameworks",
				);
				MACOSX_DEPLOYMENT_TARGET = 10.10;
				PRODUCT_BUNDLE_IDENTIFIER = "CavanSu.VideoViews-Mac";
				PRODUCT_NAME = "$(TARGET_NAME)";
				PROVISIONING_PROFILE_SPECIFIER = "";
				SDKROOT = macosx;
				SWIFT_VERSION = 5.0;
			};
			name = Release;
		};
/* End XCBuildConfiguration section */

/* Begin XCConfigurationList section */
		A75E7BC522E706A800F8E135 /* Build configuration list for PBXProject "VideoViews" */ = {
			isa = XCConfigurationList;
			buildConfigurations = (
				A75E7BDA22E706A900F8E135 /* Debug */,
				A75E7BDB22E706A900F8E135 /* Release */,
			);
			defaultConfigurationIsVisible = 0;
			defaultConfigurationName = Release;
		};
		A75E7BDC22E706A900F8E135 /* Build configuration list for PBXNativeTarget "VideoViews_iOS" */ = {
			isa = XCConfigurationList;
			buildConfigurations = (
				A75E7BDD22E706A900F8E135 /* Debug */,
				A75E7BDE22E706A900F8E135 /* Release */,
			);
			defaultConfigurationIsVisible = 0;
			defaultConfigurationName = Release;
		};
		A76C272C238CDD1C0047E150 /* Build configuration list for PBXNativeTarget "VideoViews_Mac" */ = {
			isa = XCConfigurationList;
			buildConfigurations = (
				A76C272A238CDD1C0047E150 /* Debug */,
				A76C272B238CDD1C0047E150 /* Release */,
			);
			defaultConfigurationIsVisible = 0;
			defaultConfigurationName = Release;
		};
/* End XCConfigurationList section */
	};
	rootObject = A75E7BC222E706A800F8E135 /* Project object */;
}
